
Microsoft Visual Studio Solution File, Format Version 12.00
# Visual Studio 15
VisualStudioVersion = 15.0.28307.271
MinimumVisualStudioVersion = 10.0.40219.1
Project("{FAE04EC0-301F-11D3-BF4B-00C04F79EFBC}") = "Windows.Deneme", "Windows.Deneme\Windows.Deneme.csproj", "{E137C8AD-E423-41FA-9C37-561D20828BD7}"
EndProject
Global
	GlobalSection(SolutionConfigurationPlatforms) = preSolution
		Debug|Any CPU = Debug|Any CPU
		Release|Any CPU = Release|Any CPU
	EndGlobalSection
	GlobalSection(ProjectConfigurationPlatforms) = postSolution
		{E137C8AD-E423-41FA-9C37-561D20828BD7}.Debug|Any CPU.ActiveCfg = Debug|Any CPU
		{E137C8AD-E423-41FA-9C37-561D20828BD7}.Debug|Any CPU.Build.0 = Debug|Any CPU
		{E137C8AD-E423-41FA-9C37-561D20828BD7}.Release|Any CPU.ActiveCfg = Release|Any CPU
		{E137C8AD-E423-41FA-9C37-561D20828BD7}.Release|Any CPU.Build.0 = Release|Any CPU
	EndGlobalSection
	GlobalSection(SolutionProperties) = preSolution
		HideSolutionNode = FALSE
	EndGlobalSection
	GlobalSection(ExtensibilityGlobals) = postSolution
		SolutionGuid = {599A7115-2A24-4407-B03D-AB915B9CB140}
	EndGlobalSection
EndGlobal
